
Microsoft Visual Studio Solution File, Format Version 12.00
# Visual Studio Version 17
VisualStudioVersion = 17.6.33801.468
MinimumVisualStudioVersion = 10.0.40219.1
Project("{FAE04EC0-301F-11D3-BF4B-00C04F79EFBC}") = "ConsoleApp1", "ConsoleApp1\ConsoleApp1.csproj", "{99C9F08E-3D13-4527-9140-79AC2941DF4B}"
EndProject
Global
	GlobalSection(SolutionConfigurationPlatforms) = preSolution
		Debug|Any CPU = Debug|Any CPU
		Release|Any CPU = Release|Any CPU
	EndGlobalSection
	GlobalSection(ProjectConfigurationPlatforms) = postSolution
		{99C9F08E-3D13-4527-9140-79AC2941DF4B}.Debug|Any CPU.ActiveCfg = Debug|Any CPU
		{99C9F08E-3D13-4527-9140-79AC2941DF4B}.Debug|Any CPU.Build.0 = Debug|Any CPU
		{99C9F08E-3D13-4527-9140-79AC2941DF4B}.Release|Any CPU.ActiveCfg = Release|Any CPU
		{99C9F08E-3D13-4527-9140-79AC2941DF4B}.Release|Any CPU.Build.0 = Release|Any CPU
	EndGlobalSection
	GlobalSection(SolutionProperties) = preSolution
		HideSolutionNode = FALSE
	EndGlobalSection
	GlobalSection(ExtensibilityGlobals) = postSolution
		SolutionGuid = {6C642290-9009-4D6B-A02E-9F77317410DC}
	EndGlobalSection
EndGlobal
